
Microsoft Visual Studio Solution File, Format Version 12.00
# Visual Studio Version 17
VisualStudioVersion = 17.9.34728.123
MinimumVisualStudioVersion = 10.0.40219.1
Project("{888888A0-9F3D-457C-B088-3A5042F75D52}") = "IndianaJones", "IndianaJones.pyproj", "{CDDDD4F0-B512-4165-BBE1-8BF194E0F1B4}"
EndProject
Global
	GlobalSection(SolutionConfigurationPlatforms) = preSolution
		Debug|Any CPU = Debug|Any CPU
		Release|Any CPU = Release|Any CPU
	EndGlobalSection
	GlobalSection(ProjectConfigurationPlatforms) = postSolution
		{CDDDD4F0-B512-4165-BBE1-8BF194E0F1B4}.Debug|Any CPU.ActiveCfg = Debug|Any CPU
		{CDDDD4F0-B512-4165-BBE1-8BF194E0F1B4}.Release|Any CPU.ActiveCfg = Release|Any CPU
	EndGlobalSection
	GlobalSection(SolutionProperties) = preSolution
		HideSolutionNode = FALSE
	EndGlobalSection
	GlobalSection(ExtensibilityGlobals) = postSolution
		SolutionGuid = {B5EF6A15-5533-4649-B124-599C1755F86E}
	EndGlobalSection
EndGlobal
